
Microsoft Visual Studio Solution File, Format Version 12.00
# Visual Studio Version 16
VisualStudioVersion = 16.0.29728.190
MinimumVisualStudioVersion = 10.0.40219.1
Project("{9A19103F-16F7-4668-BE54-9A1E7A4F7556}") = "DatingApp.API", "DatingApp.API.csproj", "{B0C9C2BE-B364-4E73-91AC-5840495478C6}"
EndProject
Global
	GlobalSection(SolutionConfigurationPlatforms) = preSolution
		Debug|Any CPU = Debug|Any CPU
		Release|Any CPU = Release|Any CPU
	EndGlobalSection
	GlobalSection(ProjectConfigurationPlatforms) = postSolution
		{B0C9C2BE-B364-4E73-91AC-5840495478C6}.Debug|Any CPU.ActiveCfg = Debug|Any CPU
		{B0C9C2BE-B364-4E73-91AC-5840495478C6}.Debug|Any CPU.Build.0 = Debug|Any CPU
		{B0C9C2BE-B364-4E73-91AC-5840495478C6}.Release|Any CPU.ActiveCfg = Release|Any CPU
		{B0C9C2BE-B364-4E73-91AC-5840495478C6}.Release|Any CPU.Build.0 = Release|Any CPU
	EndGlobalSection
	GlobalSection(SolutionProperties) = preSolution
		HideSolutionNode = FALSE
	EndGlobalSection
	GlobalSection(ExtensibilityGlobals) = postSolution
		SolutionGuid = {1C86D6C8-B82A-4569-94A3-37CDFCDD1CA3}
	EndGlobalSection
EndGlobal
